# Code generated by scarb DO NOT EDIT.
version = 1

[[package]]
name = "openzeppelin"
version = "0.7.0-rc.0"
source = "git+https://github.com/OpenZeppelin/cairo-contracts.git?tag=v0.7.0-rc.0#fbdd7593681a1515dabcbf722fb99c88edf200fe"

[[package]]
name = "pitch_lake_starknet"
version = "0.1.0"
dependencies = [
 "openzeppelin",
]
